// !$*UTF8*$!
{
	archiveVersion = 1;
	classes = {
	};
	objectVersion = 50;
	objects = {

/* Begin PBXBuildFile section */
		9B6E3A8021F5957F0035442E /* AppDelegate.swift in Sources */ = {isa = PBXBuildFile; fileRef = 9B6E3A7F21F5957F0035442E /* AppDelegate.swift */; };
		9B6E3A8221F5957F0035442E /* L2CAPC_ViewController.swift in Sources */ = {isa = PBXBuildFile; fileRef = 9B6E3A8121F5957F0035442E /* L2CAPC_ViewController.swift */; };
		9B6E3A8721F595810035442E /* Assets.xcassets in Resources */ = {isa = PBXBuildFile; fileRef = 9B6E3A8621F595810035442E /* Assets.xcassets */; };
		9B6E3A8A21F595810035442E /* LaunchScreen.storyboard in Resources */ = {isa = PBXBuildFile; fileRef = 9B6E3A8821F595810035442E /* LaunchScreen.storyboard */; };
		9B6E3A9221F59F5E0035442E /* Utils.swift in Sources */ = {isa = PBXBuildFile; fileRef = 9B6E3A9121F59F5D0035442E /* Utils.swift */; };
		9B6E3AAB21F5A3660035442E /* L2CAPC_ViewController.swift in Sources */ = {isa = PBXBuildFile; fileRef = 9B6E3A8121F5957F0035442E /* L2CAPC_ViewController.swift */; };
		9B6E3AAC21F5A3660035442E /* AppDelegate.swift in Sources */ = {isa = PBXBuildFile; fileRef = 9B6E3A7F21F5957F0035442E /* AppDelegate.swift */; };
		9B6E3AAD21F5A3660035442E /* Utils.swift in Sources */ = {isa = PBXBuildFile; fileRef = 9B6E3A9121F59F5D0035442E /* Utils.swift */; };
		9B6E3AB021F5A3660035442E /* LaunchScreen.storyboard in Resources */ = {isa = PBXBuildFile; fileRef = 9B6E3A8821F595810035442E /* LaunchScreen.storyboard */; };
		9B6E3AB121F5A3660035442E /* Assets.xcassets in Resources */ = {isa = PBXBuildFile; fileRef = 9B6E3A8621F595810035442E /* Assets.xcassets */; };
		9B6E3AB821F5A43B0035442E /* L2C_Central_ViewController.swift in Sources */ = {isa = PBXBuildFile; fileRef = 9B6E3AB721F5A43B0035442E /* L2C_Central_ViewController.swift */; };
		9B6E3ABA21F5A47E0035442E /* L2C_Peripheral_ViewController.swift in Sources */ = {isa = PBXBuildFile; fileRef = 9B6E3AB921F5A47E0035442E /* L2C_Peripheral_ViewController.swift */; };
		9B6E3ABC21F5AC680035442E /* Default-568h@2x.png in Resources */ = {isa = PBXBuildFile; fileRef = 9B6E3ABB21F5AC680035442E /* Default-568h@2x.png */; };
		9B6E3ABE21F5B97C0035442E /* L2C_Central.plist in Resources */ = {isa = PBXBuildFile; fileRef = 9B6E3ABD21F5B97C0035442E /* L2C_Central.plist */; };
/* End PBXBuildFile section */

/* Begin PBXFileReference section */
		9B6E3A7C21F5957F0035442E /* L2C_Peripheral.app */ = {isa = PBXFileReference; explicitFileType = wrapper.application; includeInIndex = 0; path = L2C_Peripheral.app; sourceTree = BUILT_PRODUCTS_DIR; };
		9B6E3A7F21F5957F0035442E /* AppDelegate.swift */ = {isa = PBXFileReference; lastKnownFileType = sourcecode.swift; path = AppDelegate.swift; sourceTree = "<group>"; };
		9B6E3A8121F5957F0035442E /* L2CAPC_ViewController.swift */ = {isa = PBXFileReference; lastKnownFileType = sourcecode.swift; path = L2CAPC_ViewController.swift; sourceTree = "<group>"; };
		9B6E3A8621F595810035442E /* Assets.xcassets */ = {isa = PBXFileReference; lastKnownFileType = folder.assetcatalog; path = Assets.xcassets; sourceTree = "<group>"; };
		9B6E3A8921F595810035442E /* Base */ = {isa = PBXFileReference; lastKnownFileType = file.storyboard; name = Base; path = Base.lproj/LaunchScreen.storyboard; sourceTree = "<group>"; };
		9B6E3A8B21F595810035442E /* L2C_Peripheral.plist */ = {isa = PBXFileReference; lastKnownFileType = text.plist.xml; path = L2C_Peripheral.plist; sourceTree = "<group>"; };
		9B6E3A9121F59F5D0035442E /* Utils.swift */ = {isa = PBXFileReference; fileEncoding = 4; lastKnownFileType = sourcecode.swift; path = Utils.swift; sourceTree = "<group>"; };
		9B6E3AB521F5A3660035442E /* L2C_Central.app */ = {isa = PBXFileReference; explicitFileType = wrapper.application; includeInIndex = 0; path = L2C_Central.app; sourceTree = BUILT_PRODUCTS_DIR; };
		9B6E3AB721F5A43B0035442E /* L2C_Central_ViewController.swift */ = {isa = PBXFileReference; lastKnownFileType = sourcecode.swift; path = L2C_Central_ViewController.swift; sourceTree = "<group>"; };
		9B6E3AB921F5A47E0035442E /* L2C_Peripheral_ViewController.swift */ = {isa = PBXFileReference; lastKnownFileType = sourcecode.swift; path = L2C_Peripheral_ViewController.swift; sourceTree = "<group>"; };
		9B6E3ABB21F5AC680035442E /* Default-568h@2x.png */ = {isa = PBXFileReference; lastKnownFileType = image.png; path = "Default-568h@2x.png"; sourceTree = "<group>"; };
		9B6E3ABD21F5B97C0035442E /* L2C_Central.plist */ = {isa = PBXFileReference; fileEncoding = 4; lastKnownFileType = text.plist.xml; path = L2C_Central.plist; sourceTree = "<group>"; };
/* End PBXFileReference section */

/* Begin PBXFrameworksBuildPhase section */
		9B6E3A7921F5957F0035442E /* Frameworks */ = {
			isa = PBXFrameworksBuildPhase;
			buildActionMask = 2147483647;
			files = (
			);
			runOnlyForDeploymentPostprocessing = 0;
		};
		9B6E3AAE21F5A3660035442E /* Frameworks */ = {
			isa = PBXFrameworksBuildPhase;
			buildActionMask = 2147483647;
			files = (
			);
			runOnlyForDeploymentPostprocessing = 0;
		};
/* End PBXFrameworksBuildPhase section */

/* Begin PBXGroup section */
		9B6E3A7321F5957F0035442E = {
			isa = PBXGroup;
			children = (
				9B6E3ABB21F5AC680035442E /* Default-568h@2x.png */,
				9B6E3A7E21F5957F0035442E /* L2CAPC */,
				9B6E3A7D21F5957F0035442E /* Products */,
			);
			sourceTree = "<group>";
		};
		9B6E3A7D21F5957F0035442E /* Products */ = {
			isa = PBXGroup;
			children = (
				9B6E3A7C21F5957F0035442E /* L2C_Peripheral.app */,
				9B6E3AB521F5A3660035442E /* L2C_Central.app */,
			);
			name = Products;
			sourceTree = "<group>";
		};
		9B6E3A7E21F5957F0035442E /* L2CAPC */ = {
			isa = PBXGroup;
			children = (
				9B6E3A7F21F5957F0035442E /* AppDelegate.swift */,
				9B6E3A8121F5957F0035442E /* L2CAPC_ViewController.swift */,
				9B6E3A9121F59F5D0035442E /* Utils.swift */,
				9B6E3AB721F5A43B0035442E /* L2C_Central_ViewController.swift */,
				9B6E3AB921F5A47E0035442E /* L2C_Peripheral_ViewController.swift */,
				9B6E3A8621F595810035442E /* Assets.xcassets */,
				9B6E3A8821F595810035442E /* LaunchScreen.storyboard */,
				9B6E3A8B21F595810035442E /* L2C_Peripheral.plist */,
				9B6E3ABD21F5B97C0035442E /* L2C_Central.plist */,
			);
			path = L2CAPC;
			sourceTree = "<group>";
		};
/* End PBXGroup section */

/* Begin PBXNativeTarget section */
		9B6E3A7B21F5957F0035442E /* L2C_Peripheral */ = {
			isa = PBXNativeTarget;
			buildConfigurationList = 9B6E3A8E21F595810035442E /* Build configuration list for PBXNativeTarget "L2C_Peripheral" */;
			buildPhases = (
				9B6E3A7821F5957F0035442E /* Sources */,
				9B6E3A7921F5957F0035442E /* Frameworks */,
				9B6E3A7A21F5957F0035442E /* Resources */,
			);
			buildRules = (
			);
			dependencies = (
			);
			name = L2C_Peripheral;
			productName = L2CAPC;
			productReference = 9B6E3A7C21F5957F0035442E /* L2C_Peripheral.app */;
			productType = "com.apple.product-type.application";
		};
		9B6E3AA921F5A3660035442E /* L2C_Central */ = {
			isa = PBXNativeTarget;
			buildConfigurationList = 9B6E3AB221F5A3660035442E /* Build configuration list for PBXNativeTarget "L2C_Central" */;
			buildPhases = (
				9B6E3AAA21F5A3660035442E /* Sources */,
				9B6E3AAE21F5A3660035442E /* Frameworks */,
				9B6E3AAF21F5A3660035442E /* Resources */,
			);
			buildRules = (
			);
			dependencies = (
			);
			name = L2C_Central;
			productName = L2CAPC;
			productReference = 9B6E3AB521F5A3660035442E /* L2C_Central.app */;
			productType = "com.apple.product-type.application";
		};
/* End PBXNativeTarget section */

/* Begin PBXProject section */
		9B6E3A7421F5957F0035442E /* Project object */ = {
			isa = PBXProject;
			attributes = {
				LastSwiftUpdateCheck = 1010;
				LastUpgradeCheck = 1010;
				ORGANIZATIONNAME = "Michel Bouchet";
				TargetAttributes = {
					9B6E3A7B21F5957F0035442E = {
						CreatedOnToolsVersion = 10.1;
					};
				};
			};
			buildConfigurationList = 9B6E3A7721F5957F0035442E /* Build configuration list for PBXProject "L2CAPC" */;
			compatibilityVersion = "Xcode 9.3";
			developmentRegion = en;
			hasScannedForEncodings = 0;
			knownRegions = (
				en,
				Base,
			);
			mainGroup = 9B6E3A7321F5957F0035442E;
			productRefGroup = 9B6E3A7D21F5957F0035442E /* Products */;
			projectDirPath = "";
			projectRoot = "";
			targets = (
				9B6E3A7B21F5957F0035442E /* L2C_Peripheral */,
				9B6E3AA921F5A3660035442E /* L2C_Central */,
			);
		};
/* End PBXProject section */

/* Begin PBXResourcesBuildPhase section */
		9B6E3A7A21F5957F0035442E /* Resources */ = {
			isa = PBXResourcesBuildPhase;
			buildActionMask = 2147483647;
			files = (
				9B6E3ABE21F5B97C0035442E /* L2C_Central.plist in Resources */,
				9B6E3A8A21F595810035442E /* LaunchScreen.storyboard in Resources */,
				9B6E3A8721F595810035442E /* Assets.xcassets in Resources */,
			);
			runOnlyForDeploymentPostprocessing = 0;
		};
		9B6E3AAF21F5A3660035442E /* Resources */ = {
			isa = PBXResourcesBuildPhase;
			buildActionMask = 2147483647;
			files = (
				9B6E3AB021F5A3660035442E /* LaunchScreen.storyboard in Resources */,
				9B6E3AB121F5A3660035442E /* Assets.xcassets in Resources */,
				9B6E3ABC21F5AC680035442E /* Default-568h@2x.png in Resources */,
			);
			runOnlyForDeploymentPostprocessing = 0;
		};
/* End PBXResourcesBuildPhase section */

/* Begin PBXSourcesBuildPhase section */
		9B6E3A7821F5957F0035442E /* Sources */ = {
			isa = PBXSourcesBuildPhase;
			buildActionMask = 2147483647;
			files = (
				9B6E3ABA21F5A47E0035442E /* L2C_Peripheral_ViewController.swift in Sources */,
				9B6E3A8221F5957F0035442E /* L2CAPC_ViewController.swift in Sources */,
				9B6E3A8021F5957F0035442E /* AppDelegate.swift in Sources */,
				9B6E3A9221F59F5E0035442E /* Utils.swift in Sources */,
			);
			runOnlyForDeploymentPostprocessing = 0;
		};
		9B6E3AAA21F5A3660035442E /* Sources */ = {
			isa = PBXSourcesBuildPhase;
			buildActionMask = 2147483647;
			files = (
				9B6E3AB821F5A43B0035442E /* L2C_Central_ViewController.swift in Sources */,
				9B6E3AAB21F5A3660035442E /* L2CAPC_ViewController.swift in Sources */,
				9B6E3AAC21F5A3660035442E /* AppDelegate.swift in Sources */,
				9B6E3AAD21F5A3660035442E /* Utils.swift in Sources */,
			);
			runOnlyForDeploymentPostprocessing = 0;
		};
/* End PBXSourcesBuildPhase section */

/* Begin PBXVariantGroup section */
		9B6E3A8821F595810035442E /* LaunchScreen.storyboard */ = {
			isa = PBXVariantGroup;
			children = (
				9B6E3A8921F595810035442E /* Base */,
			);
			name = LaunchScreen.storyboard;
			sourceTree = "<group>";
		};
/* End PBXVariantGroup section */

/* Begin XCBuildConfiguration section */
		9B6E3A8C21F595810035442E /* Debug */ = {
			isa = XCBuildConfiguration;
			buildSettings = {
				ALWAYS_SEARCH_USER_PATHS = NO;
				CLANG_ANALYZER_NONNULL = YES;
				CLANG_ANALYZER_NUMBER_OBJECT_CONVERSION = YES_AGGRESSIVE;
				CLANG_CXX_LANGUAGE_STANDARD = "gnu++14";
				CLANG_CXX_LIBRARY = "libc++";
				CLANG_ENABLE_MODULES = YES;
				CLANG_ENABLE_OBJC_ARC = YES;
				CLANG_ENABLE_OBJC_WEAK = YES;
				CLANG_WARN_BLOCK_CAPTURE_AUTORELEASING = YES;
				CLANG_WARN_BOOL_CONVERSION = YES;
				CLANG_WARN_COMMA = YES;
				CLANG_WARN_CONSTANT_CONVERSION = YES;
				CLANG_WARN_DEPRECATED_OBJC_IMPLEMENTATIONS = YES;
				CLANG_WARN_DIRECT_OBJC_ISA_USAGE = YES_ERROR;
				CLANG_WARN_DOCUMENTATION_COMMENTS = YES;
				CLANG_WARN_EMPTY_BODY = YES;
				CLANG_WARN_ENUM_CONVERSION = YES;
				CLANG_WARN_INFINITE_RECURSION = YES;
				CLANG_WARN_INT_CONVERSION = YES;
				CLANG_WARN_NON_LITERAL_NULL_CONVERSION = YES;
				CLANG_WARN_OBJC_IMPLICIT_RETAIN_SELF = YES;
				CLANG_WARN_OBJC_LITERAL_CONVERSION = YES;
				CLANG_WARN_OBJC_ROOT_CLASS = YES_ERROR;
				CLANG_WARN_RANGE_LOOP_ANALYSIS = YES;
				CLANG_WARN_STRICT_PROTOTYPES = YES;
				CLANG_WARN_SUSPICIOUS_MOVE = YES;
				CLANG_WARN_UNGUARDED_AVAILABILITY = YES_AGGRESSIVE;
				CLANG_WARN_UNREACHABLE_CODE = YES;
				CLANG_WARN__DUPLICATE_METHOD_MATCH = YES;
				CODE_SIGN_IDENTITY = "iPhone Developer";
				COPY_PHASE_STRIP = NO;
				DEBUG_INFORMATION_FORMAT = dwarf;
				ENABLE_STRICT_OBJC_MSGSEND = YES;
				ENABLE_TESTABILITY = YES;
				GCC_C_LANGUAGE_STANDARD = gnu11;
				GCC_DYNAMIC_NO_PIC = NO;
				GCC_NO_COMMON_BLOCKS = YES;
				GCC_OPTIMIZATION_LEVEL = 0;
				GCC_PREPROCESSOR_DEFINITIONS = (
					"DEBUG=1",
					"$(inherited)",
				);
				GCC_WARN_64_TO_32_BIT_CONVERSION = YES;
				GCC_WARN_ABOUT_RETURN_TYPE = YES_ERROR;
				GCC_WARN_UNDECLARED_SELECTOR = YES;
				GCC_WARN_UNINITIALIZED_AUTOS = YES_AGGRESSIVE;
				GCC_WARN_UNUSED_FUNCTION = YES;
				GCC_WARN_UNUSED_VARIABLE = YES;
				IPHONEOS_DEPLOYMENT_TARGET = 12.1;
				MTL_ENABLE_DEBUG_INFO = INCLUDE_SOURCE;
				MTL_FAST_MATH = YES;
				ONLY_ACTIVE_ARCH = YES;
				SDKROOT = iphoneos;
				SWIFT_ACTIVE_COMPILATION_CONDITIONS = DEBUG;
				SWIFT_OPTIMIZATION_LEVEL = "-Onone";
			};
			name = Debug;
		};
		9B6E3A8D21F595810035442E /* Release */ = {
			isa = XCBuildConfiguration;
			buildSettings = {
				ALWAYS_SEARCH_USER_PATHS = NO;
				CLANG_ANALYZER_NONNULL = YES;
				CLANG_ANALYZER_NUMBER_OBJECT_CONVERSION = YES_AGGRESSIVE;
				CLANG_CXX_LANGUAGE_STANDARD = "gnu++14";
				CLANG_CXX_LIBRARY = "libc++";
				CLANG_ENABLE_MODULES = YES;
				CLANG_ENABLE_OBJC_ARC = YES;
				CLANG_ENABLE_OBJC_WEAK = YES;
				CLANG_WARN_BLOCK_CAPTURE_AUTORELEASING = YES;
				CLANG_WARN_BOOL_CONVERSION = YES;
				CLANG_WARN_COMMA = YES;
				CLANG_WARN_CONSTANT_CONVERSION = YES;
				CLANG_WARN_DEPRECATED_OBJC_IMPLEMENTATIONS = YES;
				CLANG_WARN_DIRECT_OBJC_ISA_USAGE = YES_ERROR;
				CLANG_WARN_DOCUMENTATION_COMMENTS = YES;
				CLANG_WARN_EMPTY_BODY = YES;
				CLANG_WARN_ENUM_CONVERSION = YES;
				CLANG_WARN_INFINITE_RECURSION = YES;
				CLANG_WARN_INT_CONVERSION = YES;
				CLANG_WARN_NON_LITERAL_NULL_CONVERSION = YES;
				CLANG_WARN_OBJC_IMPLICIT_RETAIN_SELF = YES;
				CLANG_WARN_OBJC_LITERAL_CONVERSION = YES;
				CLANG_WARN_OBJC_ROOT_CLASS = YES_ERROR;
				CLANG_WARN_RANGE_LOOP_ANALYSIS = YES;
				CLANG_WARN_STRICT_PROTOTYPES = YES;
				CLANG_WARN_SUSPICIOUS_MOVE = YES;
				CLANG_WARN_UNGUARDED_AVAILABILITY = YES_AGGRESSIVE;
				CLANG_WARN_UNREACHABLE_CODE = YES;
				CLANG_WARN__DUPLICATE_METHOD_MATCH = YES;
				CODE_SIGN_IDENTITY = "iPhone Developer";
				COPY_PHASE_STRIP = NO;
				DEBUG_INFORMATION_FORMAT = "dwarf-with-dsym";
				ENABLE_NS_ASSERTIONS = NO;
				ENABLE_STRICT_OBJC_MSGSEND = YES;
				GCC_C_LANGUAGE_STANDARD = gnu11;
				GCC_NO_COMMON_BLOCKS = YES;
				GCC_WARN_64_TO_32_BIT_CONVERSION = YES;
				GCC_WARN_ABOUT_RETURN_TYPE = YES_ERROR;
				GCC_WARN_UNDECLARED_SELECTOR = YES;
				GCC_WARN_UNINITIALIZED_AUTOS = YES_AGGRESSIVE;
				GCC_WARN_UNUSED_FUNCTION = YES;
				GCC_WARN_UNUSED_VARIABLE = YES;
				IPHONEOS_DEPLOYMENT_TARGET = 12.1;
				MTL_ENABLE_DEBUG_INFO = NO;
				MTL_FAST_MATH = YES;
				SDKROOT = iphoneos;
				SWIFT_COMPILATION_MODE = wholemodule;
				SWIFT_OPTIMIZATION_LEVEL = "-O";
				VALIDATE_PRODUCT = YES;
			};
			name = Release;
		};
		9B6E3A8F21F595810035442E /* Debug */ = {
			isa = XCBuildConfiguration;
			buildSettings = {
				ASSETCATALOG_COMPILER_APPICON_NAME = AppIcon;
				CODE_SIGN_STYLE = Automatic;
				DEVELOPMENT_TEAM = 8N92JZ96Z9;
				INFOPLIST_FILE = L2CAPC/L2C_Peripheral.plist;
				LD_RUNPATH_SEARCH_PATHS = (
					"$(inherited)",
					"@executable_path/Frameworks",
				);
				OTHER_SWIFT_FLAGS = "-DISPERIPHERAL";
				PRODUCT_BUNDLE_IDENTIFIER = michel.bouchet.software.L2CAPC;
				PRODUCT_NAME = "$(TARGET_NAME)";
				SWIFT_VERSION = 4.2;
				TARGETED_DEVICE_FAMILY = "1,2";
			};
			name = Debug;
		};
		9B6E3A9021F595810035442E /* Release */ = {
			isa = XCBuildConfiguration;
			buildSettings = {
				ASSETCATALOG_COMPILER_APPICON_NAME = AppIcon;
				CODE_SIGN_STYLE = Automatic;
				DEVELOPMENT_TEAM = 8N92JZ96Z9;
				INFOPLIST_FILE = L2CAPC/L2C_Peripheral.plist;
				LD_RUNPATH_SEARCH_PATHS = (
					"$(inherited)",
					"@executable_path/Frameworks",
				);
				OTHER_SWIFT_FLAGS = "-DISPERIPHERAL";
				PRODUCT_BUNDLE_IDENTIFIER = michel.bouchet.software.L2CAPC;
				PRODUCT_NAME = "$(TARGET_NAME)";
				SWIFT_VERSION = 4.2;
				TARGETED_DEVICE_FAMILY = "1,2";
			};
			name = Release;
		};
		9B6E3AB321F5A3660035442E /* Debug */ = {
			isa = XCBuildConfiguration;
			buildSettings = {
				ASSETCATALOG_COMPILER_APPICON_NAME = AppIcon;
				CODE_SIGN_STYLE = Automatic;
				DEVELOPMENT_TEAM = 8N92JZ96Z9;
				INFOPLIST_FILE = L2CAPC/L2C_Central.plist;
				LD_RUNPATH_SEARCH_PATHS = (
					"$(inherited)",
					"@executable_path/Frameworks",
				);
				OTHER_SWIFT_FLAGS = "-DISCENTRAL";
				PRODUCT_BUNDLE_IDENTIFIER = michel.bouchet.software.L2CAPC;
				PRODUCT_NAME = "$(TARGET_NAME)";
				SWIFT_VERSION = 4.2;
				TARGETED_DEVICE_FAMILY = "1,2";
			};
			name = Debug;
		};
		9B6E3AB421F5A3660035442E /* Release */ = {
			isa = XCBuildConfiguration;
			buildSettings = {
				ASSETCATALOG_COMPILER_APPICON_NAME = AppIcon;
				CODE_SIGN_STYLE = Automatic;
				DEVELOPMENT_TEAM = 8N92JZ96Z9;
				INFOPLIST_FILE = L2CAPC/L2C_Central.plist;
				LD_RUNPATH_SEARCH_PATHS = (
					"$(inherited)",
					"@executable_path/Frameworks",
				);
				OTHER_SWIFT_FLAGS = "-DISCENTRAL";
				PRODUCT_BUNDLE_IDENTIFIER = michel.bouchet.software.L2CAPC;
				PRODUCT_NAME = "$(TARGET_NAME)";
				SWIFT_VERSION = 4.2;
				TARGETED_DEVICE_FAMILY = "1,2";
			};
			name = Release;
		};
/* End XCBuildConfiguration section */

/* Begin XCConfigurationList section */
		9B6E3A7721F5957F0035442E /* Build configuration list for PBXProject "L2CAPC" */ = {
			isa = XCConfigurationList;
			buildConfigurations = (
				9B6E3A8C21F595810035442E /* Debug */,
				9B6E3A8D21F595810035442E /* Release */,
			);
			defaultConfigurationIsVisible = 0;
			defaultConfigurationName = Release;
		};
		9B6E3A8E21F595810035442E /* Build configuration list for PBXNativeTarget "L2C_Peripheral" */ = {
			isa = XCConfigurationList;
			buildConfigurations = (
				9B6E3A8F21F595810035442E /* Debug */,
				9B6E3A9021F595810035442E /* Release */,
			);
			defaultConfigurationIsVisible = 0;
			defaultConfigurationName = Release;
		};
		9B6E3AB221F5A3660035442E /* Build configuration list for PBXNativeTarget "L2C_Central" */ = {
			isa = XCConfigurationList;
			buildConfigurations = (
				9B6E3AB321F5A3660035442E /* Debug */,
				9B6E3AB421F5A3660035442E /* Release */,
			);
			defaultConfigurationIsVisible = 0;
			defaultConfigurationName = Release;
		};
/* End XCConfigurationList section */
	};
	rootObject = 9B6E3A7421F5957F0035442E /* Project object */;
}
